
Microsoft Visual Studio Solution File, Format Version 12.00
# Visual Studio Version 17
VisualStudioVersion = 17.4.33122.133
MinimumVisualStudioVersion = 10.0.40219.1
Project("{FAE04EC0-301F-11D3-BF4B-00C04F79EFBC}") = "vetoresParte2", "vetoresParte2.csproj", "{A01109F8-9AAF-44A6-A56E-200707B15644}"
EndProject
Global
	GlobalSection(SolutionConfigurationPlatforms) = preSolution
		Debug|Any CPU = Debug|Any CPU
		Release|Any CPU = Release|Any CPU
	EndGlobalSection
	GlobalSection(ProjectConfigurationPlatforms) = postSolution
		{A01109F8-9AAF-44A6-A56E-200707B15644}.Debug|Any CPU.ActiveCfg = Debug|Any CPU
		{A01109F8-9AAF-44A6-A56E-200707B15644}.Debug|Any CPU.Build.0 = Debug|Any CPU
		{A01109F8-9AAF-44A6-A56E-200707B15644}.Release|Any CPU.ActiveCfg = Release|Any CPU
		{A01109F8-9AAF-44A6-A56E-200707B15644}.Release|Any CPU.Build.0 = Release|Any CPU
	EndGlobalSection
	GlobalSection(SolutionProperties) = preSolution
		HideSolutionNode = FALSE
	EndGlobalSection
	GlobalSection(ExtensibilityGlobals) = postSolution
		SolutionGuid = {7D7816FF-23E9-4CC2-B3B9-3CD7B4BA901A}
	EndGlobalSection
EndGlobal
